
Microsoft Visual Studio Solution File, Format Version 12.00
# Visual Studio 14
VisualStudioVersion = 14.0.25420.1
MinimumVisualStudioVersion = 10.0.40219.1
Project("{FAE04EC0-301F-11D3-BF4B-00C04F79EFBC}") = "ProjectCards", "ProjectCards\ProjectCards\ProjectCards.csproj", "{29AA4488-87B3-4728-AE59-D6966AD89531}"
EndProject
Project("{FAE04EC0-301F-11D3-BF4B-00C04F79EFBC}") = "ProjectCards.Droid", "ProjectCards\ProjectCards.Droid\ProjectCards.Droid.csproj", "{A36148FB-EA11-4B48-9BD9-6EDA5CA57900}"
EndProject
Project("{FAE04EC0-301F-11D3-BF4B-00C04F79EFBC}") = "ProjectCards.iOS", "ProjectCards\ProjectCards.iOS\ProjectCards.iOS.csproj", "{82C13F7E-C109-458F-B8AB-4CF71108B04C}"
EndProject
Project("{FAE04EC0-301F-11D3-BF4B-00C04F79EFBC}") = "ProjectCards.UWP", "ProjectCards\ProjectCards.UWP\ProjectCards.UWP.csproj", "{30578F72-B80F-46DC-A28B-73E5FAF767FA}"
EndProject
Global
	GlobalSection(SolutionConfigurationPlatforms) = preSolution
		Ad-Hoc|Any CPU = Ad-Hoc|Any CPU
		Ad-Hoc|ARM = Ad-Hoc|ARM
		Ad-Hoc|iPhone = Ad-Hoc|iPhone
		Ad-Hoc|iPhoneSimulator = Ad-Hoc|iPhoneSimulator
		Ad-Hoc|x64 = Ad-Hoc|x64
		Ad-Hoc|x86 = Ad-Hoc|x86
		AppStore|Any CPU = AppStore|Any CPU
		AppStore|ARM = AppStore|ARM
		AppStore|iPhone = AppStore|iPhone
		AppStore|iPhoneSimulator = AppStore|iPhoneSimulator
		AppStore|x64 = AppStore|x64
		AppStore|x86 = AppStore|x86
		Debug|Any CPU = Debug|Any CPU
		Debug|ARM = Debug|ARM
		Debug|iPhone = Debug|iPhone
		Debug|iPhoneSimulator = Debug|iPhoneSimulator
		Debug|x64 = Debug|x64
		Debug|x86 = Debug|x86
		Release|Any CPU = Release|Any CPU
		Release|ARM = Release|ARM
		Release|iPhone = Release|iPhone
		Release|iPhoneSimulator = Release|iPhoneSimulator
		Release|x64 = Release|x64
		Release|x86 = Release|x86
	EndGlobalSection
	GlobalSection(ProjectConfigurationPlatforms) = postSolution
		{29AA4488-87B3-4728-AE59-D6966AD89531}.Ad-Hoc|Any CPU.ActiveCfg = Release|Any CPU
		{29AA4488-87B3-4728-AE59-D6966AD89531}.Ad-Hoc|Any CPU.Build.0 = Release|Any CPU
		{29AA4488-87B3-4728-AE59-D6966AD89531}.Ad-Hoc|ARM.ActiveCfg = Release|Any CPU
		{29AA4488-87B3-4728-AE59-D6966AD89531}.Ad-Hoc|ARM.Build.0 = Release|Any CPU
		{29AA4488-87B3-4728-AE59-D6966AD89531}.Ad-Hoc|iPhone.ActiveCfg = Release|Any CPU
		{29AA4488-87B3-4728-AE59-D6966AD89531}.Ad-Hoc|iPhone.Build.0 = Release|Any CPU
		{29AA4488-87B3-4728-AE59-D6966AD89531}.Ad-Hoc|iPhoneSimulator.ActiveCfg = Release|Any CPU
		{29AA4488-87B3-4728-AE59-D6966AD89531}.Ad-Hoc|iPhoneSimulator.Build.0 = Release|Any CPU
		{29AA4488-87B3-4728-AE59-D6966AD89531}.Ad-Hoc|x64.ActiveCfg = Release|Any CPU
		{29AA4488-87B3-4728-AE59-D6966AD89531}.Ad-Hoc|x64.Build.0 = Release|Any CPU
		{29AA4488-87B3-4728-AE59-D6966AD89531}.Ad-Hoc|x86.ActiveCfg = Release|Any CPU
		{29AA4488-87B3-4728-AE59-D6966AD89531}.Ad-Hoc|x86.Build.0 = Release|Any CPU
		{29AA4488-87B3-4728-AE59-D6966AD89531}.AppStore|Any CPU.ActiveCfg = Release|Any CPU
		{29AA4488-87B3-4728-AE59-D6966AD89531}.AppStore|Any CPU.Build.0 = Release|Any CPU
		{29AA4488-87B3-4728-AE59-D6966AD89531}.AppStore|ARM.ActiveCfg = Release|Any CPU
		{29AA4488-87B3-4728-AE59-D6966AD89531}.AppStore|ARM.Build.0 = Release|Any CPU
		{29AA4488-87B3-4728-AE59-D6966AD89531}.AppStore|iPhone.ActiveCfg = Release|Any CPU
		{29AA4488-87B3-4728-AE59-D6966AD89531}.AppStore|iPhone.Build.0 = Release|Any CPU
		{29AA4488-87B3-4728-AE59-D6966AD89531}.AppStore|iPhoneSimulator.ActiveCfg = Release|Any CPU
		{29AA4488-87B3-4728-AE59-D6966AD89531}.AppStore|iPhoneSimulator.Build.0 = Release|Any CPU
		{29AA4488-87B3-4728-AE59-D6966AD89531}.AppStore|x64.ActiveCfg = Release|Any CPU
		{29AA4488-87B3-4728-AE59-D6966AD89531}.AppStore|x64.Build.0 = Release|Any CPU
		{29AA4488-87B3-4728-AE59-D6966AD89531}.AppStore|x86.ActiveCfg = Release|Any CPU
		{29AA4488-87B3-4728-AE59-D6966AD89531}.AppStore|x86.Build.0 = Release|Any CPU
		{29AA4488-87B3-4728-AE59-D6966AD89531}.Debug|Any CPU.ActiveCfg = Debug|Any CPU
		{29AA4488-87B3-4728-AE59-D6966AD89531}.Debug|Any CPU.Build.0 = Debug|Any CPU
		{29AA4488-87B3-4728-AE59-D6966AD89531}.Debug|ARM.ActiveCfg = Debug|Any CPU
		{29AA4488-87B3-4728-AE59-D6966AD89531}.Debug|ARM.Build.0 = Debug|Any CPU
		{29AA4488-87B3-4728-AE59-D6966AD89531}.Debug|iPhone.ActiveCfg = Debug|Any CPU
		{29AA4488-87B3-4728-AE59-D6966AD89531}.Debug|iPhone.Build.0 = Debug|Any CPU
		{29AA4488-87B3-4728-AE59-D6966AD89531}.Debug|iPhoneSimulator.ActiveCfg = Debug|Any CPU
		{29AA4488-87B3-4728-AE59-D6966AD89531}.Debug|iPhoneSimulator.Build.0 = Debug|Any CPU
		{29AA4488-87B3-4728-AE59-D6966AD89531}.Debug|x64.ActiveCfg = Debug|Any CPU
		{29AA4488-87B3-4728-AE59-D6966AD89531}.Debug|x64.Build.0 = Debug|Any CPU
		{29AA4488-87B3-4728-AE59-D6966AD89531}.Debug|x86.ActiveCfg = Debug|Any CPU
		{29AA4488-87B3-4728-AE59-D6966AD89531}.Debug|x86.Build.0 = Debug|Any CPU
		{29AA4488-87B3-4728-AE59-D6966AD89531}.Release|Any CPU.ActiveCfg = Release|Any CPU
		{29AA4488-87B3-4728-AE59-D6966AD89531}.Release|Any CPU.Build.0 = Release|Any CPU
		{29AA4488-87B3-4728-AE59-D6966AD89531}.Release|ARM.ActiveCfg = Release|Any CPU
		{29AA4488-87B3-4728-AE59-D6966AD89531}.Release|ARM.Build.0 = Release|Any CPU
		{29AA4488-87B3-4728-AE59-D6966AD89531}.Release|iPhone.ActiveCfg = Release|Any CPU
		{29AA4488-87B3-4728-AE59-D6966AD89531}.Release|iPhone.Build.0 = Release|Any CPU
		{29AA4488-87B3-4728-AE59-D6966AD89531}.Release|iPhoneSimulator.ActiveCfg = Release|Any CPU
		{29AA4488-87B3-4728-AE59-D6966AD89531}.Release|iPhoneSimulator.Build.0 = Release|Any CPU
		{29AA4488-87B3-4728-AE59-D6966AD89531}.Release|x64.ActiveCfg = Release|Any CPU
		{29AA4488-87B3-4728-AE59-D6966AD89531}.Release|x64.Build.0 = Release|Any CPU
		{29AA4488-87B3-4728-AE59-D6966AD89531}.Release|x86.ActiveCfg = Release|Any CPU
		{29AA4488-87B3-4728-AE59-D6966AD89531}.Release|x86.Build.0 = Release|Any CPU
		{A36148FB-EA11-4B48-9BD9-6EDA5CA57900}.Ad-Hoc|Any CPU.ActiveCfg = Release|Any CPU
		{A36148FB-EA11-4B48-9BD9-6EDA5CA57900}.Ad-Hoc|Any CPU.Build.0 = Release|Any CPU
		{A36148FB-EA11-4B48-9BD9-6EDA5CA57900}.Ad-Hoc|Any CPU.Deploy.0 = Release|Any CPU
		{A36148FB-EA11-4B48-9BD9-6EDA5CA57900}.Ad-Hoc|ARM.ActiveCfg = Release|Any CPU
		{A36148FB-EA11-4B48-9BD9-6EDA5CA57900}.Ad-Hoc|ARM.Build.0 = Release|Any CPU
		{A36148FB-EA11-4B48-9BD9-6EDA5CA57900}.Ad-Hoc|ARM.Deploy.0 = Release|Any CPU
		{A36148FB-EA11-4B48-9BD9-6EDA5CA57900}.Ad-Hoc|iPhone.ActiveCfg = Release|Any CPU
		{A36148FB-EA11-4B48-9BD9-6EDA5CA57900}.Ad-Hoc|iPhone.Build.0 = Release|Any CPU
		{A36148FB-EA11-4B48-9BD9-6EDA5CA57900}.Ad-Hoc|iPhone.Deploy.0 = Release|Any CPU
		{A36148FB-EA11-4B48-9BD9-6EDA5CA57900}.Ad-Hoc|iPhoneSimulator.ActiveCfg = Release|Any CPU
		{A36148FB-EA11-4B48-9BD9-6EDA5CA57900}.Ad-Hoc|iPhoneSimulator.Build.0 = Release|Any CPU
		{A36148FB-EA11-4B48-9BD9-6EDA5CA57900}.Ad-Hoc|iPhoneSimulator.Deploy.0 = Release|Any CPU
		{A36148FB-EA11-4B48-9BD9-6EDA5CA57900}.Ad-Hoc|x64.ActiveCfg = Release|Any CPU
		{A36148FB-EA11-4B48-9BD9-6EDA5CA57900}.Ad-Hoc|x64.Build.0 = Release|Any CPU
		{A36148FB-EA11-4B48-9BD9-6EDA5CA57900}.Ad-Hoc|x64.Deploy.0 = Release|Any CPU
		{A36148FB-EA11-4B48-9BD9-6EDA5CA57900}.Ad-Hoc|x86.ActiveCfg = Release|Any CPU
		{A36148FB-EA11-4B48-9BD9-6EDA5CA57900}.Ad-Hoc|x86.Build.0 = Release|Any CPU
		{A36148FB-EA11-4B48-9BD9-6EDA5CA57900}.Ad-Hoc|x86.Deploy.0 = Release|Any CPU
		{A36148FB-EA11-4B48-9BD9-6EDA5CA57900}.AppStore|Any CPU.ActiveCfg = Release|Any CPU
		{A36148FB-EA11-4B48-9BD9-6EDA5CA57900}.AppStore|Any CPU.Build.0 = Release|Any CPU
		{A36148FB-EA11-4B48-9BD9-6EDA5CA57900}.AppStore|Any CPU.Deploy.0 = Release|Any CPU
		{A36148FB-EA11-4B48-9BD9-6EDA5CA57900}.AppStore|ARM.ActiveCfg = Release|Any CPU
		{A36148FB-EA11-4B48-9BD9-6EDA5CA57900}.AppStore|ARM.Build.0 = Release|Any CPU
		{A36148FB-EA11-4B48-9BD9-6EDA5CA57900}.AppStore|ARM.Deploy.0 = Release|Any CPU
		{A36148FB-EA11-4B48-9BD9-6EDA5CA57900}.AppStore|iPhone.ActiveCfg = Release|Any CPU
		{A36148FB-EA11-4B48-9BD9-6EDA5CA57900}.AppStore|iPhone.Build.0 = Release|Any CPU
		{A36148FB-EA11-4B48-9BD9-6EDA5CA57900}.AppStore|iPhone.Deploy.0 = Release|Any CPU
		{A36148FB-EA11-4B48-9BD9-6EDA5CA57900}.AppStore|iPhoneSimulator.ActiveCfg = Release|Any CPU
		{A36148FB-EA11-4B48-9BD9-6EDA5CA57900}.AppStore|iPhoneSimulator.Build.0 = Release|Any CPU
		{A36148FB-EA11-4B48-9BD9-6EDA5CA57900}.AppStore|iPhoneSimulator.Deploy.0 = Release|Any CPU
		{A36148FB-EA11-4B48-9BD9-6EDA5CA57900}.AppStore|x64.ActiveCfg = Release|Any CPU
		{A36148FB-EA11-4B48-9BD9-6EDA5CA57900}.AppStore|x64.Build.0 = Release|Any CPU
		{A36148FB-EA11-4B48-9BD9-6EDA5CA57900}.AppStore|x64.Deploy.0 = Release|Any CPU
		{A36148FB-EA11-4B48-9BD9-6EDA5CA57900}.AppStore|x86.ActiveCfg = Release|Any CPU
		{A36148FB-EA11-4B48-9BD9-6EDA5CA57900}.AppStore|x86.Build.0 = Release|Any CPU
		{A36148FB-EA11-4B48-9BD9-6EDA5CA57900}.AppStore|x86.Deploy.0 = Release|Any CPU
		{A36148FB-EA11-4B48-9BD9-6EDA5CA57900}.Debug|Any CPU.ActiveCfg = Debug|Any CPU
		{A36148FB-EA11-4B48-9BD9-6EDA5CA57900}.Debug|Any CPU.Build.0 = Debug|Any CPU
		{A36148FB-EA11-4B48-9BD9-6EDA5CA57900}.Debug|Any CPU.Deploy.0 = Debug|Any CPU
		{A36148FB-EA11-4B48-9BD9-6EDA5CA57900}.Debug|ARM.ActiveCfg = Debug|Any CPU
		{A36148FB-EA11-4B48-9BD9-6EDA5CA57900}.Debug|ARM.Build.0 = Debug|Any CPU
		{A36148FB-EA11-4B48-9BD9-6EDA5CA57900}.Debug|ARM.Deploy.0 = Debug|Any CPU
		{A36148FB-EA11-4B48-9BD9-6EDA5CA57900}.Debug|iPhone.ActiveCfg = Debug|Any CPU
		{A36148FB-EA11-4B48-9BD9-6EDA5CA57900}.Debug|iPhone.Build.0 = Debug|Any CPU
		{A36148FB-EA11-4B48-9BD9-6EDA5CA57900}.Debug|iPhone.Deploy.0 = Debug|Any CPU
		{A36148FB-EA11-4B48-9BD9-6EDA5CA57900}.Debug|iPhoneSimulator.ActiveCfg = Debug|Any CPU
		{A36148FB-EA11-4B48-9BD9-6EDA5CA57900}.Debug|iPhoneSimulator.Build.0 = Debug|Any CPU
		{A36148FB-EA11-4B48-9BD9-6EDA5CA57900}.Debug|iPhoneSimulator.Deploy.0 = Debug|Any CPU
		{A36148FB-EA11-4B48-9BD9-6EDA5CA57900}.Debug|x64.ActiveCfg = Debug|Any CPU
		{A36148FB-EA11-4B48-9BD9-6EDA5CA57900}.Debug|x64.Build.0 = Debug|Any CPU
		{A36148FB-EA11-4B48-9BD9-6EDA5CA57900}.Debug|x64.Deploy.0 = Debug|Any CPU
		{A36148FB-EA11-4B48-9BD9-6EDA5CA57900}.Debug|x86.ActiveCfg = Debug|Any CPU
		{A36148FB-EA11-4B48-9BD9-6EDA5CA57900}.Debug|x86.Build.0 = Debug|Any CPU
		{A36148FB-EA11-4B48-9BD9-6EDA5CA57900}.Debug|x86.Deploy.0 = Debug|Any CPU
		{A36148FB-EA11-4B48-9BD9-6EDA5CA57900}.Release|Any CPU.ActiveCfg = Release|Any CPU
		{A36148FB-EA11-4B48-9BD9-6EDA5CA57900}.Release|Any CPU.Build.0 = Release|Any CPU
		{A36148FB-EA11-4B48-9BD9-6EDA5CA57900}.Release|Any CPU.Deploy.0 = Release|Any CPU
		{A36148FB-EA11-4B48-9BD9-6EDA5CA57900}.Release|ARM.ActiveCfg = Release|Any CPU
		{A36148FB-EA11-4B48-9BD9-6EDA5CA57900}.Release|ARM.Build.0 = Release|Any CPU
		{A36148FB-EA11-4B48-9BD9-6EDA5CA57900}.Release|ARM.Deploy.0 = Release|Any CPU
		{A36148FB-EA11-4B48-9BD9-6EDA5CA57900}.Release|iPhone.ActiveCfg = Release|Any CPU
		{A36148FB-EA11-4B48-9BD9-6EDA5CA57900}.Release|iPhone.Build.0 = Release|Any CPU
		{A36148FB-EA11-4B48-9BD9-6EDA5CA57900}.Release|iPhone.Deploy.0 = Release|Any CPU
		{A36148FB-EA11-4B48-9BD9-6EDA5CA57900}.Release|iPhoneSimulator.ActiveCfg = Release|Any CPU
		{A36148FB-EA11-4B48-9BD9-6EDA5CA57900}.Release|iPhoneSimulator.Build.0 = Release|Any CPU
		{A36148FB-EA11-4B48-9BD9-6EDA5CA57900}.Release|iPhoneSimulator.Deploy.0 = Release|Any CPU
		{A36148FB-EA11-4B48-9BD9-6EDA5CA57900}.Release|x64.ActiveCfg = Release|Any CPU
		{A36148FB-EA11-4B48-9BD9-6EDA5CA57900}.Release|x64.Build.0 = Release|Any CPU
		{A36148FB-EA11-4B48-9BD9-6EDA5CA57900}.Release|x64.Deploy.0 = Release|Any CPU
		{A36148FB-EA11-4B48-9BD9-6EDA5CA57900}.Release|x86.ActiveCfg = Release|Any CPU
		{A36148FB-EA11-4B48-9BD9-6EDA5CA57900}.Release|x86.Build.0 = Release|Any CPU
		{A36148FB-EA11-4B48-9BD9-6EDA5CA57900}.Release|x86.Deploy.0 = Release|Any CPU
		{82C13F7E-C109-458F-B8AB-4CF71108B04C}.Ad-Hoc|Any CPU.ActiveCfg = Ad-Hoc|iPhone
		{82C13F7E-C109-458F-B8AB-4CF71108B04C}.Ad-Hoc|ARM.ActiveCfg = Ad-Hoc|iPhone
		{82C13F7E-C109-458F-B8AB-4CF71108B04C}.Ad-Hoc|iPhone.ActiveCfg = Ad-Hoc|iPhone
		{82C13F7E-C109-458F-B8AB-4CF71108B04C}.Ad-Hoc|iPhone.Build.0 = Ad-Hoc|iPhone
		{82C13F7E-C109-458F-B8AB-4CF71108B04C}.Ad-Hoc|iPhoneSimulator.ActiveCfg = Ad-Hoc|iPhoneSimulator
		{82C13F7E-C109-458F-B8AB-4CF71108B04C}.Ad-Hoc|iPhoneSimulator.Build.0 = Ad-Hoc|iPhoneSimulator
		{82C13F7E-C109-458F-B8AB-4CF71108B04C}.Ad-Hoc|x64.ActiveCfg = Ad-Hoc|iPhone
		{82C13F7E-C109-458F-B8AB-4CF71108B04C}.Ad-Hoc|x86.ActiveCfg = Ad-Hoc|iPhone
		{82C13F7E-C109-458F-B8AB-4CF71108B04C}.AppStore|Any CPU.ActiveCfg = AppStore|iPhone
		{82C13F7E-C109-458F-B8AB-4CF71108B04C}.AppStore|ARM.ActiveCfg = AppStore|iPhone
		{82C13F7E-C109-458F-B8AB-4CF71108B04C}.AppStore|iPhone.ActiveCfg = AppStore|iPhone
		{82C13F7E-C109-458F-B8AB-4CF71108B04C}.AppStore|iPhone.Build.0 = AppStore|iPhone
		{82C13F7E-C109-458F-B8AB-4CF71108B04C}.AppStore|iPhoneSimulator.ActiveCfg = AppStore|iPhoneSimulator
		{82C13F7E-C109-458F-B8AB-4CF71108B04C}.AppStore|iPhoneSimulator.Build.0 = AppStore|iPhoneSimulator
		{82C13F7E-C109-458F-B8AB-4CF71108B04C}.AppStore|x64.ActiveCfg = AppStore|iPhone
		{82C13F7E-C109-458F-B8AB-4CF71108B04C}.AppStore|x86.ActiveCfg = AppStore|iPhone
		{82C13F7E-C109-458F-B8AB-4CF71108B04C}.Debug|Any CPU.ActiveCfg = Debug|iPhone
		{82C13F7E-C109-458F-B8AB-4CF71108B04C}.Debug|ARM.ActiveCfg = Debug|iPhone
		{82C13F7E-C109-458F-B8AB-4CF71108B04C}.Debug|iPhone.ActiveCfg = Debug|iPhone
		{82C13F7E-C109-458F-B8AB-4CF71108B04C}.Debug|iPhone.Build.0 = Debug|iPhone
		{82C13F7E-C109-458F-B8AB-4CF71108B04C}.Debug|iPhoneSimulator.ActiveCfg = Debug|iPhoneSimulator
		{82C13F7E-C109-458F-B8AB-4CF71108B04C}.Debug|iPhoneSimulator.Build.0 = Debug|iPhoneSimulator
		{82C13F7E-C109-458F-B8AB-4CF71108B04C}.Debug|x64.ActiveCfg = Debug|iPhone
		{82C13F7E-C109-458F-B8AB-4CF71108B04C}.Debug|x86.ActiveCfg = Debug|iPhone
		{82C13F7E-C109-458F-B8AB-4CF71108B04C}.Release|Any CPU.ActiveCfg = Release|iPhone
		{82C13F7E-C109-458F-B8AB-4CF71108B04C}.Release|ARM.ActiveCfg = Release|iPhone
		{82C13F7E-C109-458F-B8AB-4CF71108B04C}.Release|iPhone.ActiveCfg = Release|iPhone
		{82C13F7E-C109-458F-B8AB-4CF71108B04C}.Release|iPhone.Build.0 = Release|iPhone
		{82C13F7E-C109-458F-B8AB-4CF71108B04C}.Release|iPhoneSimulator.ActiveCfg = Release|iPhoneSimulator
		{82C13F7E-C109-458F-B8AB-4CF71108B04C}.Release|iPhoneSimulator.Build.0 = Release|iPhoneSimulator
		{82C13F7E-C109-458F-B8AB-4CF71108B04C}.Release|x64.ActiveCfg = Release|iPhone
		{82C13F7E-C109-458F-B8AB-4CF71108B04C}.Release|x86.ActiveCfg = Release|iPhone
		{30578F72-B80F-46DC-A28B-73E5FAF767FA}.Ad-Hoc|Any CPU.ActiveCfg = Release|x86
		{30578F72-B80F-46DC-A28B-73E5FAF767FA}.Ad-Hoc|Any CPU.Build.0 = Release|x86
		{30578F72-B80F-46DC-A28B-73E5FAF767FA}.Ad-Hoc|Any CPU.Deploy.0 = Release|x86
		{30578F72-B80F-46DC-A28B-73E5FAF767FA}.Ad-Hoc|ARM.ActiveCfg = Release|ARM
		{30578F72-B80F-46DC-A28B-73E5FAF767FA}.Ad-Hoc|ARM.Build.0 = Release|ARM
		{30578F72-B80F-46DC-A28B-73E5FAF767FA}.Ad-Hoc|ARM.Deploy.0 = Release|ARM
		{30578F72-B80F-46DC-A28B-73E5FAF767FA}.Ad-Hoc|iPhone.ActiveCfg = Release|x86
		{30578F72-B80F-46DC-A28B-73E5FAF767FA}.Ad-Hoc|iPhone.Build.0 = Release|x86
		{30578F72-B80F-46DC-A28B-73E5FAF767FA}.Ad-Hoc|iPhone.Deploy.0 = Release|x86
		{30578F72-B80F-46DC-A28B-73E5FAF767FA}.Ad-Hoc|iPhoneSimulator.ActiveCfg = Release|x86
		{30578F72-B80F-46DC-A28B-73E5FAF767FA}.Ad-Hoc|iPhoneSimulator.Build.0 = Release|x86
		{30578F72-B80F-46DC-A28B-73E5FAF767FA}.Ad-Hoc|iPhoneSimulator.Deploy.0 = Release|x86
		{30578F72-B80F-46DC-A28B-73E5FAF767FA}.Ad-Hoc|x64.ActiveCfg = Release|x64
		{30578F72-B80F-46DC-A28B-73E5FAF767FA}.Ad-Hoc|x64.Build.0 = Release|x64
		{30578F72-B80F-46DC-A28B-73E5FAF767FA}.Ad-Hoc|x64.Deploy.0 = Release|x64
		{30578F72-B80F-46DC-A28B-73E5FAF767FA}.Ad-Hoc|x86.ActiveCfg = Release|x86
		{30578F72-B80F-46DC-A28B-73E5FAF767FA}.Ad-Hoc|x86.Build.0 = Release|x86
		{30578F72-B80F-46DC-A28B-73E5FAF767FA}.Ad-Hoc|x86.Deploy.0 = Release|x86
		{30578F72-B80F-46DC-A28B-73E5FAF767FA}.AppStore|Any CPU.ActiveCfg = Release|x86
		{30578F72-B80F-46DC-A28B-73E5FAF767FA}.AppStore|Any CPU.Build.0 = Release|x86
		{30578F72-B80F-46DC-A28B-73E5FAF767FA}.AppStore|Any CPU.Deploy.0 = Release|x86
		{30578F72-B80F-46DC-A28B-73E5FAF767FA}.AppStore|ARM.ActiveCfg = Release|ARM
		{30578F72-B80F-46DC-A28B-73E5FAF767FA}.AppStore|ARM.Build.0 = Release|ARM
		{30578F72-B80F-46DC-A28B-73E5FAF767FA}.AppStore|ARM.Deploy.0 = Release|ARM
		{30578F72-B80F-46DC-A28B-73E5FAF767FA}.AppStore|iPhone.ActiveCfg = Release|x86
		{30578F72-B80F-46DC-A28B-73E5FAF767FA}.AppStore|iPhone.Build.0 = Release|x86
		{30578F72-B80F-46DC-A28B-73E5FAF767FA}.AppStore|iPhone.Deploy.0 = Release|x86
		{30578F72-B80F-46DC-A28B-73E5FAF767FA}.AppStore|iPhoneSimulator.ActiveCfg = Release|x86
		{30578F72-B80F-46DC-A28B-73E5FAF767FA}.AppStore|iPhoneSimulator.Build.0 = Release|x86
		{30578F72-B80F-46DC-A28B-73E5FAF767FA}.AppStore|iPhoneSimulator.Deploy.0 = Release|x86
		{30578F72-B80F-46DC-A28B-73E5FAF767FA}.AppStore|x64.ActiveCfg = Release|x64
		{30578F72-B80F-46DC-A28B-73E5FAF767FA}.AppStore|x64.Build.0 = Release|x64
		{30578F72-B80F-46DC-A28B-73E5FAF767FA}.AppStore|x64.Deploy.0 = Release|x64
		{30578F72-B80F-46DC-A28B-73E5FAF767FA}.AppStore|x86.ActiveCfg = Release|x86
		{30578F72-B80F-46DC-A28B-73E5FAF767FA}.AppStore|x86.Build.0 = Release|x86
		{30578F72-B80F-46DC-A28B-73E5FAF767FA}.AppStore|x86.Deploy.0 = Release|x86
		{30578F72-B80F-46DC-A28B-73E5FAF767FA}.Debug|Any CPU.ActiveCfg = Debug|x86
		{30578F72-B80F-46DC-A28B-73E5FAF767FA}.Debug|ARM.ActiveCfg = Debug|ARM
		{30578F72-B80F-46DC-A28B-73E5FAF767FA}.Debug|ARM.Build.0 = Debug|ARM
		{30578F72-B80F-46DC-A28B-73E5FAF767FA}.Debug|ARM.Deploy.0 = Debug|ARM
		{30578F72-B80F-46DC-A28B-73E5FAF767FA}.Debug|iPhone.ActiveCfg = Debug|x86
		{30578F72-B80F-46DC-A28B-73E5FAF767FA}.Debug|iPhoneSimulator.ActiveCfg = Debug|x86
		{30578F72-B80F-46DC-A28B-73E5FAF767FA}.Debug|x64.ActiveCfg = Debug|x64
		{30578F72-B80F-46DC-A28B-73E5FAF767FA}.Debug|x64.Build.0 = Debug|x64
		{30578F72-B80F-46DC-A28B-73E5FAF767FA}.Debug|x64.Deploy.0 = Debug|x64
		{30578F72-B80F-46DC-A28B-73E5FAF767FA}.Debug|x86.ActiveCfg = Debug|x86
		{30578F72-B80F-46DC-A28B-73E5FAF767FA}.Debug|x86.Build.0 = Debug|x86
		{30578F72-B80F-46DC-A28B-73E5FAF767FA}.Debug|x86.Deploy.0 = Debug|x86
		{30578F72-B80F-46DC-A28B-73E5FAF767FA}.Release|Any CPU.ActiveCfg = Release|x86
		{30578F72-B80F-46DC-A28B-73E5FAF767FA}.Release|ARM.ActiveCfg = Release|ARM
		{30578F72-B80F-46DC-A28B-73E5FAF767FA}.Release|ARM.Build.0 = Release|ARM
		{30578F72-B80F-46DC-A28B-73E5FAF767FA}.Release|ARM.Deploy.0 = Release|ARM
		{30578F72-B80F-46DC-A28B-73E5FAF767FA}.Release|iPhone.ActiveCfg = Release|x86
		{30578F72-B80F-46DC-A28B-73E5FAF767FA}.Release|iPhoneSimulator.ActiveCfg = Release|x86
		{30578F72-B80F-46DC-A28B-73E5FAF767FA}.Release|x64.ActiveCfg = Release|x64
		{30578F72-B80F-46DC-A28B-73E5FAF767FA}.Release|x64.Build.0 = Release|x64
		{30578F72-B80F-46DC-A28B-73E5FAF767FA}.Release|x64.Deploy.0 = Release|x64
		{30578F72-B80F-46DC-A28B-73E5FAF767FA}.Release|x86.ActiveCfg = Release|x86
		{30578F72-B80F-46DC-A28B-73E5FAF767FA}.Release|x86.Build.0 = Release|x86
		{30578F72-B80F-46DC-A28B-73E5FAF767FA}.Release|x86.Deploy.0 = Release|x86
	EndGlobalSection
	GlobalSection(SolutionProperties) = preSolution
		HideSolutionNode = FALSE
	EndGlobalSection
EndGlobal
